{
  "name": "gatsby-starter-default",
  "version": "0.1.0",
  "lockfileVersion": 1,
  "requires": true,
  "dependencies": {
    "@babel/runtime": {
      "version": "7.8.3",
      "resolved": "https://artifactory-eng.cargurus.com/artifactory/api/npm/npm-registry/@babel/runtime/-/runtime-7.8.3.tgz",
      "integrity": "sha1-CBGUT3OmySa7KtNekY3MG/qyefE=",
      "requires": {
        "regenerator-runtime": "^0.13.2"
      }
    },
    "gatsby-plugin-google-analytics": {
      "version": "2.1.33",
      "resolved": "https://artifactory-eng.cargurus.com/artifactory/api/npm/npm-registry/gatsby-plugin-google-analytics/-/gatsby-plugin-google-analytics-2.1.33.tgz",
      "integrity": "sha1-T8wgPe5ngyr0tsYZEX289NZ+y+s=",
      "requires": {
        "@babel/runtime": "^7.7.6"
      }
    },
    "regenerator-runtime": {
      "version": "0.13.3",
      "resolved": "https://artifactory-eng.cargurus.com/artifactory/api/npm/npm-registry/regenerator-runtime/-/regenerator-runtime-0.13.3.tgz",
      "integrity": "sha1-fPanfY9cb2Drc8X8GVWyzrAea/U="
    }
  }
}
